
Microsoft Visual Studio Solution File, Format Version 12.00
# Visual Studio 15
VisualStudioVersion = 15.0.26730.16
MinimumVisualStudioVersion = 10.0.40219.1
Project("{2150E333-8FDC-42A3-9474-1A3956D46DE8}") = "Packaging", "Packaging", "{C49A00FE-EAC8-45CE-8E5E-6F0A5E5F9139}"
EndProject
Project("{9A19103F-16F7-4668-BE54-9A1E7A4F7556}") = "TestApp", "Test\TestApp\TestApp.csproj", "{2DDEDEBC-C7EA-45F4-B38C-1FAC0C82F90D}"
EndProject
Project("{9A19103F-16F7-4668-BE54-9A1E7A4F7556}") = "Geco", "Geco\Geco.csproj", "{BF33B3E6-101F-4EA7-8B01-1E0F3D5F89A6}"
EndProject
Project("{9A19103F-16F7-4668-BE54-9A1E7A4F7556}") = "Packaging", "Packaging\Packaging.csproj", "{7125F6CE-CB4E-4F28-B0B8-0B473F5AAE4C}"
EndProject
Global
	GlobalSection(SolutionConfigurationPlatforms) = preSolution
		Debug|Any CPU = Debug|Any CPU
		Release|Any CPU = Release|Any CPU
	EndGlobalSection
	GlobalSection(ProjectConfigurationPlatforms) = postSolution
		{2DDEDEBC-C7EA-45F4-B38C-1FAC0C82F90D}.Debug|Any CPU.ActiveCfg = Debug|Any CPU
		{2DDEDEBC-C7EA-45F4-B38C-1FAC0C82F90D}.Debug|Any CPU.Build.0 = Debug|Any CPU
		{2DDEDEBC-C7EA-45F4-B38C-1FAC0C82F90D}.Release|Any CPU.ActiveCfg = Release|Any CPU
		{2DDEDEBC-C7EA-45F4-B38C-1FAC0C82F90D}.Release|Any CPU.Build.0 = Release|Any CPU
		{BF33B3E6-101F-4EA7-8B01-1E0F3D5F89A6}.Debug|Any CPU.ActiveCfg = Debug|Any CPU
		{BF33B3E6-101F-4EA7-8B01-1E0F3D5F89A6}.Debug|Any CPU.Build.0 = Debug|Any CPU
		{BF33B3E6-101F-4EA7-8B01-1E0F3D5F89A6}.Release|Any CPU.ActiveCfg = Release|Any CPU
		{BF33B3E6-101F-4EA7-8B01-1E0F3D5F89A6}.Release|Any CPU.Build.0 = Release|Any CPU
		{7125F6CE-CB4E-4F28-B0B8-0B473F5AAE4C}.Debug|Any CPU.ActiveCfg = Debug|Any CPU
		{7125F6CE-CB4E-4F28-B0B8-0B473F5AAE4C}.Debug|Any CPU.Build.0 = Debug|Any CPU
		{7125F6CE-CB4E-4F28-B0B8-0B473F5AAE4C}.Release|Any CPU.ActiveCfg = Release|Any CPU
		{7125F6CE-CB4E-4F28-B0B8-0B473F5AAE4C}.Release|Any CPU.Build.0 = Release|Any CPU
	EndGlobalSection
	GlobalSection(SolutionProperties) = preSolution
		HideSolutionNode = FALSE
	EndGlobalSection
	GlobalSection(NestedProjects) = preSolution
		{7125F6CE-CB4E-4F28-B0B8-0B473F5AAE4C} = {C49A00FE-EAC8-45CE-8E5E-6F0A5E5F9139}
	EndGlobalSection
	GlobalSection(ExtensibilityGlobals) = postSolution
		SolutionGuid = {13E68852-0D41-48D9-AE4F-E172C4F31685}
	EndGlobalSection
EndGlobal
