
Microsoft Visual Studio Solution File, Format Version 12.00
# Visual Studio 15
VisualStudioVersion = 15.0.27004.2009
MinimumVisualStudioVersion = 10.0.40219.1
Project("{2150E333-8FDC-42A3-9474-1A3956D46DE8}") = "Packaging", "Packaging", "{C49A00FE-EAC8-45CE-8E5E-6F0A5E5F9139}"
EndProject
Project("{9A19103F-16F7-4668-BE54-9A1E7A4F7556}") = "Geco", "Geco\Geco.csproj", "{BF33B3E6-101F-4EA7-8B01-1E0F3D5F89A6}"
EndProject
Project("{9A19103F-16F7-4668-BE54-9A1E7A4F7556}") = "Packaging", "Packaging\Packaging.csproj", "{7125F6CE-CB4E-4F28-B0B8-0B473F5AAE4C}"
EndProject
Project("{2150E333-8FDC-42A3-9474-1A3956D46DE8}") = ".Readme", ".Readme", "{8AEC2977-4631-42DA-8FAA-B6CDB6F4480E}"
	ProjectSection(SolutionItems) = preProject
		README.md = README.md
	EndProjectSection
EndProject
Project("{9A19103F-16F7-4668-BE54-9A1E7A4F7556}") = "Geco.Tests", "Geco.Tests\Geco.Tests.csproj", "{12AF5336-0307-4E81-8463-8A763A291AF2}"
EndProject
Project("{FAE04EC0-301F-11D3-BF4B-00C04F79EFBC}") = "VSTemplate", "VSTemplate\VSTemplate.csproj", "{04092C13-1A91-486F-8C0C-7EE6AF697EF6}"
EndProject
Project("{FAE04EC0-301F-11D3-BF4B-00C04F79EFBC}") = "GecoVSIX", "GecoVSIX\GecoVSIX.csproj", "{B9A598E1-C0FE-48B9-9963-7253B4F1AF79}"
EndProject
Global
	GlobalSection(SolutionConfigurationPlatforms) = preSolution
		Debug|Any CPU = Debug|Any CPU
		Release|Any CPU = Release|Any CPU
	EndGlobalSection
	GlobalSection(ProjectConfigurationPlatforms) = postSolution
		{BF33B3E6-101F-4EA7-8B01-1E0F3D5F89A6}.Debug|Any CPU.ActiveCfg = Debug|Any CPU
		{BF33B3E6-101F-4EA7-8B01-1E0F3D5F89A6}.Debug|Any CPU.Build.0 = Debug|Any CPU
		{BF33B3E6-101F-4EA7-8B01-1E0F3D5F89A6}.Release|Any CPU.ActiveCfg = Release|Any CPU
		{BF33B3E6-101F-4EA7-8B01-1E0F3D5F89A6}.Release|Any CPU.Build.0 = Release|Any CPU
		{7125F6CE-CB4E-4F28-B0B8-0B473F5AAE4C}.Debug|Any CPU.ActiveCfg = Debug|Any CPU
		{7125F6CE-CB4E-4F28-B0B8-0B473F5AAE4C}.Debug|Any CPU.Build.0 = Debug|Any CPU
		{7125F6CE-CB4E-4F28-B0B8-0B473F5AAE4C}.Release|Any CPU.ActiveCfg = Release|Any CPU
		{7125F6CE-CB4E-4F28-B0B8-0B473F5AAE4C}.Release|Any CPU.Build.0 = Release|Any CPU
		{12AF5336-0307-4E81-8463-8A763A291AF2}.Debug|Any CPU.ActiveCfg = Debug|Any CPU
		{12AF5336-0307-4E81-8463-8A763A291AF2}.Debug|Any CPU.Build.0 = Debug|Any CPU
		{12AF5336-0307-4E81-8463-8A763A291AF2}.Release|Any CPU.ActiveCfg = Release|Any CPU
		{12AF5336-0307-4E81-8463-8A763A291AF2}.Release|Any CPU.Build.0 = Release|Any CPU
		{04092C13-1A91-486F-8C0C-7EE6AF697EF6}.Debug|Any CPU.ActiveCfg = Debug|Any CPU
		{04092C13-1A91-486F-8C0C-7EE6AF697EF6}.Debug|Any CPU.Build.0 = Debug|Any CPU
		{04092C13-1A91-486F-8C0C-7EE6AF697EF6}.Release|Any CPU.ActiveCfg = Release|Any CPU
		{04092C13-1A91-486F-8C0C-7EE6AF697EF6}.Release|Any CPU.Build.0 = Release|Any CPU
		{B9A598E1-C0FE-48B9-9963-7253B4F1AF79}.Debug|Any CPU.ActiveCfg = Debug|Any CPU
		{B9A598E1-C0FE-48B9-9963-7253B4F1AF79}.Debug|Any CPU.Build.0 = Debug|Any CPU
		{B9A598E1-C0FE-48B9-9963-7253B4F1AF79}.Release|Any CPU.ActiveCfg = Release|Any CPU
		{B9A598E1-C0FE-48B9-9963-7253B4F1AF79}.Release|Any CPU.Build.0 = Release|Any CPU
	EndGlobalSection
	GlobalSection(SolutionProperties) = preSolution
		HideSolutionNode = FALSE
	EndGlobalSection
	GlobalSection(NestedProjects) = preSolution
		{7125F6CE-CB4E-4F28-B0B8-0B473F5AAE4C} = {C49A00FE-EAC8-45CE-8E5E-6F0A5E5F9139}
		{04092C13-1A91-486F-8C0C-7EE6AF697EF6} = {C49A00FE-EAC8-45CE-8E5E-6F0A5E5F9139}
		{B9A598E1-C0FE-48B9-9963-7253B4F1AF79} = {C49A00FE-EAC8-45CE-8E5E-6F0A5E5F9139}
	EndGlobalSection
	GlobalSection(ExtensibilityGlobals) = postSolution
		SolutionGuid = {13E68852-0D41-48D9-AE4F-E172C4F31685}
	EndGlobalSection
EndGlobal
