
Microsoft Visual Studio Solution File, Format Version 12.00
# Visual Studio 15
VisualStudioVersion = 15.0.26730.16
MinimumVisualStudioVersion = 10.0.40219.1
Project("{9A19103F-16F7-4668-BE54-9A1E7A4F7556}") = "Geco", "Geco.csproj", "{BED883BE-8A12-406C-8D3E-A97EB5918DB5}"
EndProject
Project("{9A19103F-16F7-4668-BE54-9A1E7A4F7556}") = "TestApp", "..\TestApp\TestApp.csproj", "{37968180-EABB-4203-8884-72C5BDBEF131}"
	ProjectSection(ProjectDependencies) = postProject
		{BED883BE-8A12-406C-8D3E-A97EB5918DB5} = {BED883BE-8A12-406C-8D3E-A97EB5918DB5}
	EndProjectSection
EndProject
Global
	GlobalSection(SolutionConfigurationPlatforms) = preSolution
		Debug|Any CPU = Debug|Any CPU
		Debug|x64 = Debug|x64
		Debug|x86 = Debug|x86
		Release|Any CPU = Release|Any CPU
		Release|x64 = Release|x64
		Release|x86 = Release|x86
	EndGlobalSection
	GlobalSection(ProjectConfigurationPlatforms) = postSolution
		{BED883BE-8A12-406C-8D3E-A97EB5918DB5}.Debug|Any CPU.ActiveCfg = Debug|Any CPU
		{BED883BE-8A12-406C-8D3E-A97EB5918DB5}.Debug|Any CPU.Build.0 = Debug|Any CPU
		{BED883BE-8A12-406C-8D3E-A97EB5918DB5}.Debug|x64.ActiveCfg = Debug|Any CPU
		{BED883BE-8A12-406C-8D3E-A97EB5918DB5}.Debug|x64.Build.0 = Debug|Any CPU
		{BED883BE-8A12-406C-8D3E-A97EB5918DB5}.Debug|x86.ActiveCfg = Debug|Any CPU
		{BED883BE-8A12-406C-8D3E-A97EB5918DB5}.Debug|x86.Build.0 = Debug|Any CPU
		{BED883BE-8A12-406C-8D3E-A97EB5918DB5}.Release|Any CPU.ActiveCfg = Release|Any CPU
		{BED883BE-8A12-406C-8D3E-A97EB5918DB5}.Release|Any CPU.Build.0 = Release|Any CPU
		{BED883BE-8A12-406C-8D3E-A97EB5918DB5}.Release|x64.ActiveCfg = Release|Any CPU
		{BED883BE-8A12-406C-8D3E-A97EB5918DB5}.Release|x64.Build.0 = Release|Any CPU
		{BED883BE-8A12-406C-8D3E-A97EB5918DB5}.Release|x86.ActiveCfg = Release|Any CPU
		{BED883BE-8A12-406C-8D3E-A97EB5918DB5}.Release|x86.Build.0 = Release|Any CPU
		{37968180-EABB-4203-8884-72C5BDBEF131}.Debug|Any CPU.ActiveCfg = Debug|Any CPU
		{37968180-EABB-4203-8884-72C5BDBEF131}.Debug|Any CPU.Build.0 = Debug|Any CPU
		{37968180-EABB-4203-8884-72C5BDBEF131}.Debug|x64.ActiveCfg = Debug|Any CPU
		{37968180-EABB-4203-8884-72C5BDBEF131}.Debug|x64.Build.0 = Debug|Any CPU
		{37968180-EABB-4203-8884-72C5BDBEF131}.Debug|x86.ActiveCfg = Debug|Any CPU
		{37968180-EABB-4203-8884-72C5BDBEF131}.Debug|x86.Build.0 = Debug|Any CPU
		{37968180-EABB-4203-8884-72C5BDBEF131}.Release|Any CPU.ActiveCfg = Release|Any CPU
		{37968180-EABB-4203-8884-72C5BDBEF131}.Release|Any CPU.Build.0 = Release|Any CPU
		{37968180-EABB-4203-8884-72C5BDBEF131}.Release|x64.ActiveCfg = Release|Any CPU
		{37968180-EABB-4203-8884-72C5BDBEF131}.Release|x64.Build.0 = Release|Any CPU
		{37968180-EABB-4203-8884-72C5BDBEF131}.Release|x86.ActiveCfg = Release|Any CPU
		{37968180-EABB-4203-8884-72C5BDBEF131}.Release|x86.Build.0 = Release|Any CPU
	EndGlobalSection
	GlobalSection(SolutionProperties) = preSolution
		HideSolutionNode = FALSE
	EndGlobalSection
	GlobalSection(ExtensibilityGlobals) = postSolution
		SolutionGuid = {13E68852-0D41-48D9-AE4F-E172C4F31685}
	EndGlobalSection
EndGlobal
